
Microsoft Visual Studio Solution File, Format Version 12.00
# Visual Studio Version 16
VisualStudioVersion = 16.0.32901.82
MinimumVisualStudioVersion = 10.0.40219.1
Project("{FAE04EC0-301F-11D3-BF4B-00C04F79EFBC}") = "storedprocedureswithwebapi", "storedprocedureswithwebapi.csproj", "{60A441FB-53F7-4DC9-B629-B8734D9C6E89}"
EndProject
Global
	GlobalSection(SolutionConfigurationPlatforms) = preSolution
		Debug|Any CPU = Debug|Any CPU
		Release|Any CPU = Release|Any CPU
	EndGlobalSection
	GlobalSection(ProjectConfigurationPlatforms) = postSolution
		{60A441FB-53F7-4DC9-B629-B8734D9C6E89}.Debug|Any CPU.ActiveCfg = Debug|Any CPU
		{60A441FB-53F7-4DC9-B629-B8734D9C6E89}.Debug|Any CPU.Build.0 = Debug|Any CPU
		{60A441FB-53F7-4DC9-B629-B8734D9C6E89}.Release|Any CPU.ActiveCfg = Release|Any CPU
		{60A441FB-53F7-4DC9-B629-B8734D9C6E89}.Release|Any CPU.Build.0 = Release|Any CPU
	EndGlobalSection
	GlobalSection(SolutionProperties) = preSolution
		HideSolutionNode = FALSE
	EndGlobalSection
	GlobalSection(ExtensibilityGlobals) = postSolution
		SolutionGuid = {26F7935E-97DB-4F60-8627-BF99A75D4EDE}
	EndGlobalSection
EndGlobal
